
Microsoft Visual Studio Solution File, Format Version 12.00
# Visual Studio Version 16
VisualStudioVersion = 16.0.31624.102
MinimumVisualStudioVersion = 10.0.40219.1
Project("{FAE04EC0-301F-11D3-BF4B-00C04F79EFBC}") = "ProjectOne.cs", "ProjectOne.cs\ProjectOne.cs.csproj", "{1257FEBE-478D-4A07-A311-733947DAF065}"
EndProject
Global
	GlobalSection(SolutionConfigurationPlatforms) = preSolution
		Debug|Any CPU = Debug|Any CPU
		Release|Any CPU = Release|Any CPU
	EndGlobalSection
	GlobalSection(ProjectConfigurationPlatforms) = postSolution
		{1257FEBE-478D-4A07-A311-733947DAF065}.Debug|Any CPU.ActiveCfg = Debug|Any CPU
		{1257FEBE-478D-4A07-A311-733947DAF065}.Debug|Any CPU.Build.0 = Debug|Any CPU
		{1257FEBE-478D-4A07-A311-733947DAF065}.Release|Any CPU.ActiveCfg = Release|Any CPU
		{1257FEBE-478D-4A07-A311-733947DAF065}.Release|Any CPU.Build.0 = Release|Any CPU
	EndGlobalSection
	GlobalSection(SolutionProperties) = preSolution
		HideSolutionNode = FALSE
	EndGlobalSection
	GlobalSection(ExtensibilityGlobals) = postSolution
		SolutionGuid = {FE7B67EA-35B1-48FF-9AFD-F822C4E44698}
	EndGlobalSection
EndGlobal
